
Microsoft Visual Studio Solution File, Format Version 12.00
# Visual Studio 14
VisualStudioVersion = 14.0.23107.0
MinimumVisualStudioVersion = 10.0.40219.1
Project("{FAE04EC0-301F-11D3-BF4B-00C04F79EFBC}") = "Problem01_SumArrayElements", "Arrays_Simple Array Processing\Problem01_SumArrayElements.csproj", "{22BBD73D-4FC1-46F3-A6A5-1F59CF902E5B}"
EndProject
Project("{FAE04EC0-301F-11D3-BF4B-00C04F79EFBC}") = "Problem02_MultiplyAnArrayOfDoubles", "Problem02_MultiplyAnArrayOfDoubles\Problem02_MultiplyAnArrayOfDoubles.csproj", "{8B2361D2-49B9-4BFF-BFE4-C5EA943D1DB6}"
EndProject
Project("{FAE04EC0-301F-11D3-BF4B-00C04F79EFBC}") = "Problem03_SmallestElementInArray", "Problem03_SmallestElementInArray\Problem03_SmallestElementInArray.csproj", "{E512FDA3-9A11-4D43-B147-A8D2368ECCC0}"
EndProject
Project("{FAE04EC0-301F-11D3-BF4B-00C04F79EFBC}") = "Problem04_RotateArrayOfStrings", "Problem04_RotateArrayOfStrings\Problem04_RotateArrayOfStrings.csproj", "{9296EC0A-EDCE-482A-A1DB-1CA91FBBD86D}"
EndProject
Project("{FAE04EC0-301F-11D3-BF4B-00C04F79EFBC}") = "Problem05_CountOfOffNumbersInArray", "Problem05_CountOfOffNumbersInArray\Problem05_CountOfOffNumbersInArray.csproj", "{CF7CE721-4DD9-4179-A05C-2EA4DA95CDE1}"
EndProject
Project("{FAE04EC0-301F-11D3-BF4B-00C04F79EFBC}") = "Problem06_OddNumbersAtOddPositions", "Problem06_OddNumbersAtOddPositions\Problem06_OddNumbersAtOddPositions.csproj", "{90BF6AB3-385A-41BE-A73E-29F01ECFCD5A}"
EndProject
Global
	GlobalSection(SolutionConfigurationPlatforms) = preSolution
		Debug|Any CPU = Debug|Any CPU
		Release|Any CPU = Release|Any CPU
	EndGlobalSection
	GlobalSection(ProjectConfigurationPlatforms) = postSolution
		{22BBD73D-4FC1-46F3-A6A5-1F59CF902E5B}.Debug|Any CPU.ActiveCfg = Debug|Any CPU
		{22BBD73D-4FC1-46F3-A6A5-1F59CF902E5B}.Debug|Any CPU.Build.0 = Debug|Any CPU
		{22BBD73D-4FC1-46F3-A6A5-1F59CF902E5B}.Release|Any CPU.ActiveCfg = Release|Any CPU
		{22BBD73D-4FC1-46F3-A6A5-1F59CF902E5B}.Release|Any CPU.Build.0 = Release|Any CPU
		{8B2361D2-49B9-4BFF-BFE4-C5EA943D1DB6}.Debug|Any CPU.ActiveCfg = Debug|Any CPU
		{8B2361D2-49B9-4BFF-BFE4-C5EA943D1DB6}.Debug|Any CPU.Build.0 = Debug|Any CPU
		{8B2361D2-49B9-4BFF-BFE4-C5EA943D1DB6}.Release|Any CPU.ActiveCfg = Release|Any CPU
		{8B2361D2-49B9-4BFF-BFE4-C5EA943D1DB6}.Release|Any CPU.Build.0 = Release|Any CPU
		{E512FDA3-9A11-4D43-B147-A8D2368ECCC0}.Debug|Any CPU.ActiveCfg = Debug|Any CPU
		{E512FDA3-9A11-4D43-B147-A8D2368ECCC0}.Debug|Any CPU.Build.0 = Debug|Any CPU
		{E512FDA3-9A11-4D43-B147-A8D2368ECCC0}.Release|Any CPU.ActiveCfg = Release|Any CPU
		{E512FDA3-9A11-4D43-B147-A8D2368ECCC0}.Release|Any CPU.Build.0 = Release|Any CPU
		{9296EC0A-EDCE-482A-A1DB-1CA91FBBD86D}.Debug|Any CPU.ActiveCfg = Debug|Any CPU
		{9296EC0A-EDCE-482A-A1DB-1CA91FBBD86D}.Debug|Any CPU.Build.0 = Debug|Any CPU
		{9296EC0A-EDCE-482A-A1DB-1CA91FBBD86D}.Release|Any CPU.ActiveCfg = Release|Any CPU
		{9296EC0A-EDCE-482A-A1DB-1CA91FBBD86D}.Release|Any CPU.Build.0 = Release|Any CPU
		{CF7CE721-4DD9-4179-A05C-2EA4DA95CDE1}.Debug|Any CPU.ActiveCfg = Debug|Any CPU
		{CF7CE721-4DD9-4179-A05C-2EA4DA95CDE1}.Debug|Any CPU.Build.0 = Debug|Any CPU
		{CF7CE721-4DD9-4179-A05C-2EA4DA95CDE1}.Release|Any CPU.ActiveCfg = Release|Any CPU
		{CF7CE721-4DD9-4179-A05C-2EA4DA95CDE1}.Release|Any CPU.Build.0 = Release|Any CPU
		{90BF6AB3-385A-41BE-A73E-29F01ECFCD5A}.Debug|Any CPU.ActiveCfg = Debug|Any CPU
		{90BF6AB3-385A-41BE-A73E-29F01ECFCD5A}.Debug|Any CPU.Build.0 = Debug|Any CPU
		{90BF6AB3-385A-41BE-A73E-29F01ECFCD5A}.Release|Any CPU.ActiveCfg = Release|Any CPU
		{90BF6AB3-385A-41BE-A73E-29F01ECFCD5A}.Release|Any CPU.Build.0 = Release|Any CPU
	EndGlobalSection
	GlobalSection(SolutionProperties) = preSolution
		HideSolutionNode = FALSE
	EndGlobalSection
EndGlobal
