
Microsoft Visual Studio Solution File, Format Version 12.00
# Visual Studio 14
VisualStudioVersion = 14.0.23107.0
MinimumVisualStudioVersion = 10.0.40219.1
Project("{FAE04EC0-301F-11D3-BF4B-00C04F79EFBC}") = "Problem01_SoftuniCoffeeOrders", "Problem01_SoftuniCoffeeOrders\Problem01_SoftuniCoffeeOrders.csproj", "{492EF513-0C88-4445-BF8C-69BABD2C5617}"
EndProject
Project("{FAE04EC0-301F-11D3-BF4B-00C04F79EFBC}") = "Problem02_CommandInterpreter", "Problem02_CommandInterpreter\Problem02_CommandInterpreter.csproj", "{CA0E2DAE-D873-4FDF-8BD5-4634D47A904A}"
EndProject
Project("{FAE04EC0-301F-11D3-BF4B-00C04F79EFBC}") = "Problem03_RageQuit", "Problem03_RageQuit\Problem03_RageQuit.csproj", "{3A74CA9E-0A62-4FFE-9826-094AE394D5F7}"
EndProject
Project("{FAE04EC0-301F-11D3-BF4B-00C04F79EFBC}") = "Problem04_Files", "Problem04_Files\Problem04_Files.csproj", "{4D7B672F-99EE-4072-8553-0995DC7DDE83}"
EndProject
Global
	GlobalSection(SolutionConfigurationPlatforms) = preSolution
		Debug|Any CPU = Debug|Any CPU
		Release|Any CPU = Release|Any CPU
	EndGlobalSection
	GlobalSection(ProjectConfigurationPlatforms) = postSolution
		{492EF513-0C88-4445-BF8C-69BABD2C5617}.Debug|Any CPU.ActiveCfg = Debug|Any CPU
		{492EF513-0C88-4445-BF8C-69BABD2C5617}.Debug|Any CPU.Build.0 = Debug|Any CPU
		{492EF513-0C88-4445-BF8C-69BABD2C5617}.Release|Any CPU.ActiveCfg = Release|Any CPU
		{492EF513-0C88-4445-BF8C-69BABD2C5617}.Release|Any CPU.Build.0 = Release|Any CPU
		{CA0E2DAE-D873-4FDF-8BD5-4634D47A904A}.Debug|Any CPU.ActiveCfg = Debug|Any CPU
		{CA0E2DAE-D873-4FDF-8BD5-4634D47A904A}.Debug|Any CPU.Build.0 = Debug|Any CPU
		{CA0E2DAE-D873-4FDF-8BD5-4634D47A904A}.Release|Any CPU.ActiveCfg = Release|Any CPU
		{CA0E2DAE-D873-4FDF-8BD5-4634D47A904A}.Release|Any CPU.Build.0 = Release|Any CPU
		{3A74CA9E-0A62-4FFE-9826-094AE394D5F7}.Debug|Any CPU.ActiveCfg = Debug|Any CPU
		{3A74CA9E-0A62-4FFE-9826-094AE394D5F7}.Debug|Any CPU.Build.0 = Debug|Any CPU
		{3A74CA9E-0A62-4FFE-9826-094AE394D5F7}.Release|Any CPU.ActiveCfg = Release|Any CPU
		{3A74CA9E-0A62-4FFE-9826-094AE394D5F7}.Release|Any CPU.Build.0 = Release|Any CPU
		{4D7B672F-99EE-4072-8553-0995DC7DDE83}.Debug|Any CPU.ActiveCfg = Debug|Any CPU
		{4D7B672F-99EE-4072-8553-0995DC7DDE83}.Debug|Any CPU.Build.0 = Debug|Any CPU
		{4D7B672F-99EE-4072-8553-0995DC7DDE83}.Release|Any CPU.ActiveCfg = Release|Any CPU
		{4D7B672F-99EE-4072-8553-0995DC7DDE83}.Release|Any CPU.Build.0 = Release|Any CPU
	EndGlobalSection
	GlobalSection(SolutionProperties) = preSolution
		HideSolutionNode = FALSE
	EndGlobalSection
EndGlobal
