
Microsoft Visual Studio Solution File, Format Version 12.00
# Visual Studio 14
VisualStudioVersion = 14.0.23107.0
MinimumVisualStudioVersion = 10.0.40219.1
Project("{FAE04EC0-301F-11D3-BF4B-00C04F79EFBC}") = "Problem01_ReverseString", "Problem01_ReverseString\Problem01_ReverseString.csproj", "{65932C8C-56D7-45CF-926E-FC6FF6CE6C31}"
EndProject
Project("{FAE04EC0-301F-11D3-BF4B-00C04F79EFBC}") = "Problem02_CountSubstringOccurance", "Problem02_CountSubstringOccurance\Problem02_CountSubstringOccurance.csproj", "{09D6C1BE-38C4-4356-85EA-53205B95EC9C}"
EndProject
Project("{FAE04EC0-301F-11D3-BF4B-00C04F79EFBC}") = "Problem03_TextFilter", "Problem03_TextFilter\Problem03_TextFilter.csproj", "{EF68D504-44C3-421C-940D-407C742DBBD4}"
EndProject
Project("{FAE04EC0-301F-11D3-BF4B-00C04F79EFBC}") = "Problem04_Palindromes", "Problem04_Palindromes\Problem04_Palindromes.csproj", "{E9D8CF07-049C-4961-86B9-748776B2EE0A}"
EndProject
Global
	GlobalSection(SolutionConfigurationPlatforms) = preSolution
		Debug|Any CPU = Debug|Any CPU
		Release|Any CPU = Release|Any CPU
	EndGlobalSection
	GlobalSection(ProjectConfigurationPlatforms) = postSolution
		{65932C8C-56D7-45CF-926E-FC6FF6CE6C31}.Debug|Any CPU.ActiveCfg = Debug|Any CPU
		{65932C8C-56D7-45CF-926E-FC6FF6CE6C31}.Debug|Any CPU.Build.0 = Debug|Any CPU
		{65932C8C-56D7-45CF-926E-FC6FF6CE6C31}.Release|Any CPU.ActiveCfg = Release|Any CPU
		{65932C8C-56D7-45CF-926E-FC6FF6CE6C31}.Release|Any CPU.Build.0 = Release|Any CPU
		{09D6C1BE-38C4-4356-85EA-53205B95EC9C}.Debug|Any CPU.ActiveCfg = Debug|Any CPU
		{09D6C1BE-38C4-4356-85EA-53205B95EC9C}.Debug|Any CPU.Build.0 = Debug|Any CPU
		{09D6C1BE-38C4-4356-85EA-53205B95EC9C}.Release|Any CPU.ActiveCfg = Release|Any CPU
		{09D6C1BE-38C4-4356-85EA-53205B95EC9C}.Release|Any CPU.Build.0 = Release|Any CPU
		{EF68D504-44C3-421C-940D-407C742DBBD4}.Debug|Any CPU.ActiveCfg = Debug|Any CPU
		{EF68D504-44C3-421C-940D-407C742DBBD4}.Debug|Any CPU.Build.0 = Debug|Any CPU
		{EF68D504-44C3-421C-940D-407C742DBBD4}.Release|Any CPU.ActiveCfg = Release|Any CPU
		{EF68D504-44C3-421C-940D-407C742DBBD4}.Release|Any CPU.Build.0 = Release|Any CPU
		{E9D8CF07-049C-4961-86B9-748776B2EE0A}.Debug|Any CPU.ActiveCfg = Debug|Any CPU
		{E9D8CF07-049C-4961-86B9-748776B2EE0A}.Debug|Any CPU.Build.0 = Debug|Any CPU
		{E9D8CF07-049C-4961-86B9-748776B2EE0A}.Release|Any CPU.ActiveCfg = Release|Any CPU
		{E9D8CF07-049C-4961-86B9-748776B2EE0A}.Release|Any CPU.Build.0 = Release|Any CPU
	EndGlobalSection
	GlobalSection(SolutionProperties) = preSolution
		HideSolutionNode = FALSE
	EndGlobalSection
EndGlobal
