
Microsoft Visual Studio Solution File, Format Version 12.00
# Visual Studio 14
VisualStudioVersion = 14.0.23107.0
MinimumVisualStudioVersion = 10.0.40219.1
Project("{FAE04EC0-301F-11D3-BF4B-00C04F79EFBC}") = "Problem01_CountRealNumbers", "Problem01_CountRealNumbers\Problem01_CountRealNumbers.csproj", "{8A77C577-BCB9-4E91-A926-18C94DE93EB2}"
EndProject
Project("{FAE04EC0-301F-11D3-BF4B-00C04F79EFBC}") = "Problem02_OddOcurrences", "Problem02_OddOcurrences\Problem02_OddOcurrences.csproj", "{AF7B4BD7-FA41-4247-9D0A-C3736931D046}"
EndProject
Global
	GlobalSection(SolutionConfigurationPlatforms) = preSolution
		Debug|Any CPU = Debug|Any CPU
		Release|Any CPU = Release|Any CPU
	EndGlobalSection
	GlobalSection(ProjectConfigurationPlatforms) = postSolution
		{8A77C577-BCB9-4E91-A926-18C94DE93EB2}.Debug|Any CPU.ActiveCfg = Debug|Any CPU
		{8A77C577-BCB9-4E91-A926-18C94DE93EB2}.Debug|Any CPU.Build.0 = Debug|Any CPU
		{8A77C577-BCB9-4E91-A926-18C94DE93EB2}.Release|Any CPU.ActiveCfg = Release|Any CPU
		{8A77C577-BCB9-4E91-A926-18C94DE93EB2}.Release|Any CPU.Build.0 = Release|Any CPU
		{AF7B4BD7-FA41-4247-9D0A-C3736931D046}.Debug|Any CPU.ActiveCfg = Debug|Any CPU
		{AF7B4BD7-FA41-4247-9D0A-C3736931D046}.Debug|Any CPU.Build.0 = Debug|Any CPU
		{AF7B4BD7-FA41-4247-9D0A-C3736931D046}.Release|Any CPU.ActiveCfg = Release|Any CPU
		{AF7B4BD7-FA41-4247-9D0A-C3736931D046}.Release|Any CPU.Build.0 = Release|Any CPU
	EndGlobalSection
	GlobalSection(SolutionProperties) = preSolution
		HideSolutionNode = FALSE
	EndGlobalSection
EndGlobal
