
Microsoft Visual Studio Solution File, Format Version 12.00
# Visual Studio 14
VisualStudioVersion = 14.0.23107.0
MinimumVisualStudioVersion = 10.0.40219.1
Project("{FAE04EC0-301F-11D3-BF4B-00C04F79EFBC}") = "Problem01_HornetWings", "Problem01_HornetWings\Problem01_HornetWings.csproj", "{940C6C69-7B53-4178-B84A-972CD59E5261}"
EndProject
Project("{FAE04EC0-301F-11D3-BF4B-00C04F79EFBC}") = "Problem02_HornetComm", "Problem02_HornetComm\Problem02_HornetComm.csproj", "{9EEA066F-2C56-48CD-BE9C-3B8B30622820}"
EndProject
Project("{FAE04EC0-301F-11D3-BF4B-00C04F79EFBC}") = "Problem03_HornetAssault", "Problem03_HornetAssault\Problem03_HornetAssault.csproj", "{B6AFE5CD-7AA9-4C95-B76B-384CCA6F9770}"
EndProject
Project("{FAE04EC0-301F-11D3-BF4B-00C04F79EFBC}") = "Problem04_HornetArmada", "Problem04_HornetArmada\Problem04_HornetArmada.csproj", "{FC66CF2D-6EDC-4E48-83DD-610608943194}"
EndProject
Global
	GlobalSection(SolutionConfigurationPlatforms) = preSolution
		Debug|Any CPU = Debug|Any CPU
		Release|Any CPU = Release|Any CPU
	EndGlobalSection
	GlobalSection(ProjectConfigurationPlatforms) = postSolution
		{940C6C69-7B53-4178-B84A-972CD59E5261}.Debug|Any CPU.ActiveCfg = Debug|Any CPU
		{940C6C69-7B53-4178-B84A-972CD59E5261}.Debug|Any CPU.Build.0 = Debug|Any CPU
		{940C6C69-7B53-4178-B84A-972CD59E5261}.Release|Any CPU.ActiveCfg = Release|Any CPU
		{940C6C69-7B53-4178-B84A-972CD59E5261}.Release|Any CPU.Build.0 = Release|Any CPU
		{9EEA066F-2C56-48CD-BE9C-3B8B30622820}.Debug|Any CPU.ActiveCfg = Debug|Any CPU
		{9EEA066F-2C56-48CD-BE9C-3B8B30622820}.Debug|Any CPU.Build.0 = Debug|Any CPU
		{9EEA066F-2C56-48CD-BE9C-3B8B30622820}.Release|Any CPU.ActiveCfg = Release|Any CPU
		{9EEA066F-2C56-48CD-BE9C-3B8B30622820}.Release|Any CPU.Build.0 = Release|Any CPU
		{B6AFE5CD-7AA9-4C95-B76B-384CCA6F9770}.Debug|Any CPU.ActiveCfg = Debug|Any CPU
		{B6AFE5CD-7AA9-4C95-B76B-384CCA6F9770}.Debug|Any CPU.Build.0 = Debug|Any CPU
		{B6AFE5CD-7AA9-4C95-B76B-384CCA6F9770}.Release|Any CPU.ActiveCfg = Release|Any CPU
		{B6AFE5CD-7AA9-4C95-B76B-384CCA6F9770}.Release|Any CPU.Build.0 = Release|Any CPU
		{FC66CF2D-6EDC-4E48-83DD-610608943194}.Debug|Any CPU.ActiveCfg = Debug|Any CPU
		{FC66CF2D-6EDC-4E48-83DD-610608943194}.Debug|Any CPU.Build.0 = Debug|Any CPU
		{FC66CF2D-6EDC-4E48-83DD-610608943194}.Release|Any CPU.ActiveCfg = Release|Any CPU
		{FC66CF2D-6EDC-4E48-83DD-610608943194}.Release|Any CPU.Build.0 = Release|Any CPU
	EndGlobalSection
	GlobalSection(SolutionProperties) = preSolution
		HideSolutionNode = FALSE
	EndGlobalSection
EndGlobal
