
Microsoft Visual Studio Solution File, Format Version 12.00
# Visual Studio 14
VisualStudioVersion = 14.0.23107.0
MinimumVisualStudioVersion = 10.0.40219.1
Project("{FAE04EC0-301F-11D3-BF4B-00C04F79EFBC}") = "Problem01_RemoveElementsAtOddPosition", "Problem01_RemoveElementsAtOddPosition\Problem01_RemoveElementsAtOddPosition.csproj", "{92A5796E-C188-49FE-93E0-F9E109FA798C}"
EndProject
Project("{FAE04EC0-301F-11D3-BF4B-00C04F79EFBC}") = "Problem02_TrackDownloader", "Problem02_TrackDownloader\Problem02_TrackDownloader.csproj", "{5AF9D8EC-EEE2-4019-848E-991DEECDD87F}"
EndProject
Project("{FAE04EC0-301F-11D3-BF4B-00C04F79EFBC}") = "Problem03_EqualSumAfterExtraction", "Problem03_EqualSumAfterExtraction\Problem03_EqualSumAfterExtraction.csproj", "{C696C18A-AF09-470B-ADE6-9FA83BA6F20A}"
EndProject
Project("{FAE04EC0-301F-11D3-BF4B-00C04F79EFBC}") = "Problem04_FlipListSides", "Problem04_FlipListSides\Problem04_FlipListSides.csproj", "{0FB70348-CAFA-4DCC-86A3-CDB923BC4C85}"
EndProject
Project("{FAE04EC0-301F-11D3-BF4B-00C04F79EFBC}") = "Problem05_TearListInHalf", "Problem05_TearListInHalf\Problem05_TearListInHalf.csproj", "{BAEBF208-D03C-498D-8956-F67E76CC3414}"
EndProject
Project("{FAE04EC0-301F-11D3-BF4B-00C04F79EFBC}") = "Problem06_StuckZipper", "Problem06_StuckZipper\Problem06_StuckZipper.csproj", "{B7892B26-AFE7-4B88-A33E-394C1BE4C150}"
EndProject
Global
	GlobalSection(SolutionConfigurationPlatforms) = preSolution
		Debug|Any CPU = Debug|Any CPU
		Release|Any CPU = Release|Any CPU
	EndGlobalSection
	GlobalSection(ProjectConfigurationPlatforms) = postSolution
		{92A5796E-C188-49FE-93E0-F9E109FA798C}.Debug|Any CPU.ActiveCfg = Debug|Any CPU
		{92A5796E-C188-49FE-93E0-F9E109FA798C}.Debug|Any CPU.Build.0 = Debug|Any CPU
		{92A5796E-C188-49FE-93E0-F9E109FA798C}.Release|Any CPU.ActiveCfg = Release|Any CPU
		{92A5796E-C188-49FE-93E0-F9E109FA798C}.Release|Any CPU.Build.0 = Release|Any CPU
		{5AF9D8EC-EEE2-4019-848E-991DEECDD87F}.Debug|Any CPU.ActiveCfg = Debug|Any CPU
		{5AF9D8EC-EEE2-4019-848E-991DEECDD87F}.Debug|Any CPU.Build.0 = Debug|Any CPU
		{5AF9D8EC-EEE2-4019-848E-991DEECDD87F}.Release|Any CPU.ActiveCfg = Release|Any CPU
		{5AF9D8EC-EEE2-4019-848E-991DEECDD87F}.Release|Any CPU.Build.0 = Release|Any CPU
		{C696C18A-AF09-470B-ADE6-9FA83BA6F20A}.Debug|Any CPU.ActiveCfg = Debug|Any CPU
		{C696C18A-AF09-470B-ADE6-9FA83BA6F20A}.Debug|Any CPU.Build.0 = Debug|Any CPU
		{C696C18A-AF09-470B-ADE6-9FA83BA6F20A}.Release|Any CPU.ActiveCfg = Release|Any CPU
		{C696C18A-AF09-470B-ADE6-9FA83BA6F20A}.Release|Any CPU.Build.0 = Release|Any CPU
		{0FB70348-CAFA-4DCC-86A3-CDB923BC4C85}.Debug|Any CPU.ActiveCfg = Debug|Any CPU
		{0FB70348-CAFA-4DCC-86A3-CDB923BC4C85}.Debug|Any CPU.Build.0 = Debug|Any CPU
		{0FB70348-CAFA-4DCC-86A3-CDB923BC4C85}.Release|Any CPU.ActiveCfg = Release|Any CPU
		{0FB70348-CAFA-4DCC-86A3-CDB923BC4C85}.Release|Any CPU.Build.0 = Release|Any CPU
		{BAEBF208-D03C-498D-8956-F67E76CC3414}.Debug|Any CPU.ActiveCfg = Debug|Any CPU
		{BAEBF208-D03C-498D-8956-F67E76CC3414}.Debug|Any CPU.Build.0 = Debug|Any CPU
		{BAEBF208-D03C-498D-8956-F67E76CC3414}.Release|Any CPU.ActiveCfg = Release|Any CPU
		{BAEBF208-D03C-498D-8956-F67E76CC3414}.Release|Any CPU.Build.0 = Release|Any CPU
		{B7892B26-AFE7-4B88-A33E-394C1BE4C150}.Debug|Any CPU.ActiveCfg = Debug|Any CPU
		{B7892B26-AFE7-4B88-A33E-394C1BE4C150}.Debug|Any CPU.Build.0 = Debug|Any CPU
		{B7892B26-AFE7-4B88-A33E-394C1BE4C150}.Release|Any CPU.ActiveCfg = Release|Any CPU
		{B7892B26-AFE7-4B88-A33E-394C1BE4C150}.Release|Any CPU.Build.0 = Release|Any CPU
	EndGlobalSection
	GlobalSection(SolutionProperties) = preSolution
		HideSolutionNode = FALSE
	EndGlobalSection
EndGlobal
