
Microsoft Visual Studio Solution File, Format Version 12.00
# Visual Studio 14
VisualStudioVersion = 14.0.23107.0
MinimumVisualStudioVersion = 10.0.40219.1
Project("{FAE04EC0-301F-11D3-BF4B-00C04F79EFBC}") = "Problem01_AverageStudentGrades", "Problem01_AverageStudentGrades\Problem01_AverageStudentGrades.csproj", "{F494B5DE-6550-426F-AEF1-91FBE1C9336B}"
EndProject
Project("{FAE04EC0-301F-11D3-BF4B-00C04F79EFBC}") = "Problem02_CitiesByContinentAndCountry", "Problem02_CitiesByContinentAndCountry\Problem02_CitiesByContinentAndCountry.csproj", "{47A7C1DA-3364-46FA-A314-2FCFC4657203}"
EndProject
Project("{FAE04EC0-301F-11D3-BF4B-00C04F79EFBC}") = "Problem03_RecordUniqueNames", "Problem03_RecordUniqueNames\Problem03_RecordUniqueNames.csproj", "{330E16A2-8685-4419-BE8B-091451309AD5}"
EndProject
Project("{FAE04EC0-301F-11D3-BF4B-00C04F79EFBC}") = "Problem04_GroupContinentsCountriesAndCities", "Problem04_GroupContinentsCountriesAndCities\Problem04_GroupContinentsCountriesAndCities.csproj", "{CE59B1EA-BA45-44D8-B2AB-1B5095B3AD7D}"
EndProject
Global
	GlobalSection(SolutionConfigurationPlatforms) = preSolution
		Debug|Any CPU = Debug|Any CPU
		Release|Any CPU = Release|Any CPU
	EndGlobalSection
	GlobalSection(ProjectConfigurationPlatforms) = postSolution
		{F494B5DE-6550-426F-AEF1-91FBE1C9336B}.Debug|Any CPU.ActiveCfg = Debug|Any CPU
		{F494B5DE-6550-426F-AEF1-91FBE1C9336B}.Debug|Any CPU.Build.0 = Debug|Any CPU
		{F494B5DE-6550-426F-AEF1-91FBE1C9336B}.Release|Any CPU.ActiveCfg = Release|Any CPU
		{F494B5DE-6550-426F-AEF1-91FBE1C9336B}.Release|Any CPU.Build.0 = Release|Any CPU
		{47A7C1DA-3364-46FA-A314-2FCFC4657203}.Debug|Any CPU.ActiveCfg = Debug|Any CPU
		{47A7C1DA-3364-46FA-A314-2FCFC4657203}.Debug|Any CPU.Build.0 = Debug|Any CPU
		{47A7C1DA-3364-46FA-A314-2FCFC4657203}.Release|Any CPU.ActiveCfg = Release|Any CPU
		{47A7C1DA-3364-46FA-A314-2FCFC4657203}.Release|Any CPU.Build.0 = Release|Any CPU
		{330E16A2-8685-4419-BE8B-091451309AD5}.Debug|Any CPU.ActiveCfg = Debug|Any CPU
		{330E16A2-8685-4419-BE8B-091451309AD5}.Debug|Any CPU.Build.0 = Debug|Any CPU
		{330E16A2-8685-4419-BE8B-091451309AD5}.Release|Any CPU.ActiveCfg = Release|Any CPU
		{330E16A2-8685-4419-BE8B-091451309AD5}.Release|Any CPU.Build.0 = Release|Any CPU
		{CE59B1EA-BA45-44D8-B2AB-1B5095B3AD7D}.Debug|Any CPU.ActiveCfg = Debug|Any CPU
		{CE59B1EA-BA45-44D8-B2AB-1B5095B3AD7D}.Debug|Any CPU.Build.0 = Debug|Any CPU
		{CE59B1EA-BA45-44D8-B2AB-1B5095B3AD7D}.Release|Any CPU.ActiveCfg = Release|Any CPU
		{CE59B1EA-BA45-44D8-B2AB-1B5095B3AD7D}.Release|Any CPU.Build.0 = Release|Any CPU
	EndGlobalSection
	GlobalSection(SolutionProperties) = preSolution
		HideSolutionNode = FALSE
	EndGlobalSection
EndGlobal
